# This file is automatically @generated by Cargo.
# It is not intended for manual editing.
[[package]]
name = "curry"
version = "0.1.0"
dependencies = [
 "curry 0.1.0 (registry+https://github.com/rust-lang/crates.io-index)",
]

[[package]]
name = "curry"
version = "0.1.0"
source = "registry+https://github.com/rust-lang/crates.io-index"

[metadata]
"checksum curry 0.1.0 (registry+https://github.com/rust-lang/crates.io-index)" = "2be032a72097111a54926b3984c8b9b2d8527570f2f490803fe8f1d390b51630"
